// !$*UTF8*$!
{
	archiveVersion = 1;
	classes = {
	};
	objectVersion = 46;
	objects = {

/* Begin PBXBuildFile section */
		EB9FF48419C4921000EB3548 /* Foundation.framework in Frameworks */ = {isa = PBXBuildFile; fileRef = EB9FF48319C4921000EB3548 /* Foundation.framework */; };
		EB9FF48619C4921000EB3548 /* CoreGraphics.framework in Frameworks */ = {isa = PBXBuildFile; fileRef = EB9FF48519C4921000EB3548 /* CoreGraphics.framework */; };
		EB9FF48819C4921000EB3548 /* UIKit.framework in Frameworks */ = {isa = PBXBuildFile; fileRef = EB9FF48719C4921000EB3548 /* UIKit.framework */; };
		EB9FF48E19C4921000EB3548 /* InfoPlist.strings in Resources */ = {isa = PBXBuildFile; fileRef = EB9FF48C19C4921000EB3548 /* InfoPlist.strings */; };
		EB9FF49019C4921000EB3548 /* main.m in Sources */ = {isa = PBXBuildFile; fileRef = EB9FF48F19C4921000EB3548 /* main.m */; };
		EB9FF49419C4921000EB3548 /* AppDelegate.m in Sources */ = {isa = PBXBuildFile; fileRef = EB9FF49319C4921000EB3548 /* AppDelegate.m */; };
		EB9FF49619C4921000EB3548 /* Images.xcassets in Resources */ = {isa = PBXBuildFile; fileRef = EB9FF49519C4921000EB3548 /* Images.xcassets */; };
		EB9FF49D19C4921000EB3548 /* XCTest.framework in Frameworks */ = {isa = PBXBuildFile; fileRef = EB9FF49C19C4921000EB3548 /* XCTest.framework */; };
		EB9FF49E19C4921000EB3548 /* Foundation.framework in Frameworks */ = {isa = PBXBuildFile; fileRef = EB9FF48319C4921000EB3548 /* Foundation.framework */; };
		EB9FF49F19C4921000EB3548 /* UIKit.framework in Frameworks */ = {isa = PBXBuildFile; fileRef = EB9FF48719C4921000EB3548 /* UIKit.framework */; };
		EB9FF4A719C4921000EB3548 /* InfoPlist.strings in Resources */ = {isa = PBXBuildFile; fileRef = EB9FF4A519C4921000EB3548 /* InfoPlist.strings */; };
		EB9FF4A919C4921000EB3548 /* DesuTests.m in Sources */ = {isa = PBXBuildFile; fileRef = EB9FF4A819C4921000EB3548 /* DesuTests.m */; };
		EB9FF4B419C492B300EB3548 /* Modulater.m in Sources */ = {isa = PBXBuildFile; fileRef = EB9FF4B319C492B300EB3548 /* Modulater.m */; };
		EB9FF4B719C4A2B400EB3548 /* Demodulater.m in Sources */ = {isa = PBXBuildFile; fileRef = EB9FF4B619C4A2B400EB3548 /* Demodulater.m */; };
/* End PBXBuildFile section */

/* Begin PBXContainerItemProxy section */
		EB9FF4A019C4921000EB3548 /* PBXContainerItemProxy */ = {
			isa = PBXContainerItemProxy;
			containerPortal = EB9FF47819C4921000EB3548 /* Project object */;
			proxyType = 1;
			remoteGlobalIDString = EB9FF47F19C4921000EB3548;
			remoteInfo = Desu;
		};
/* End PBXContainerItemProxy section */

/* Begin PBXFileReference section */
		EB9FF48019C4921000EB3548 /* Desu.app */ = {isa = PBXFileReference; explicitFileType = wrapper.application; includeInIndex = 0; path = Desu.app; sourceTree = BUILT_PRODUCTS_DIR; };
		EB9FF48319C4921000EB3548 /* Foundation.framework */ = {isa = PBXFileReference; lastKnownFileType = wrapper.framework; name = Foundation.framework; path = System/Library/Frameworks/Foundation.framework; sourceTree = SDKROOT; };
		EB9FF48519C4921000EB3548 /* CoreGraphics.framework */ = {isa = PBXFileReference; lastKnownFileType = wrapper.framework; name = CoreGraphics.framework; path = System/Library/Frameworks/CoreGraphics.framework; sourceTree = SDKROOT; };
		EB9FF48719C4921000EB3548 /* UIKit.framework */ = {isa = PBXFileReference; lastKnownFileType = wrapper.framework; name = UIKit.framework; path = System/Library/Frameworks/UIKit.framework; sourceTree = SDKROOT; };
		EB9FF48B19C4921000EB3548 /* Desu-Info.plist */ = {isa = PBXFileReference; lastKnownFileType = text.plist.xml; path = "Desu-Info.plist"; sourceTree = "<group>"; };
		EB9FF48D19C4921000EB3548 /* en */ = {isa = PBXFileReference; lastKnownFileType = text.plist.strings; name = en; path = en.lproj/InfoPlist.strings; sourceTree = "<group>"; };
		EB9FF48F19C4921000EB3548 /* main.m */ = {isa = PBXFileReference; lastKnownFileType = sourcecode.c.objc; path = main.m; sourceTree = "<group>"; };
		EB9FF49119C4921000EB3548 /* Desu-Prefix.pch */ = {isa = PBXFileReference; lastKnownFileType = sourcecode.c.h; path = "Desu-Prefix.pch"; sourceTree = "<group>"; };
		EB9FF49219C4921000EB3548 /* AppDelegate.h */ = {isa = PBXFileReference; lastKnownFileType = sourcecode.c.h; path = AppDelegate.h; sourceTree = "<group>"; };
		EB9FF49319C4921000EB3548 /* AppDelegate.m */ = {isa = PBXFileReference; lastKnownFileType = sourcecode.c.objc; path = AppDelegate.m; sourceTree = "<group>"; };
		EB9FF49519C4921000EB3548 /* Images.xcassets */ = {isa = PBXFileReference; lastKnownFileType = folder.assetcatalog; path = Images.xcassets; sourceTree = "<group>"; };
		EB9FF49B19C4921000EB3548 /* DesuTests.xctest */ = {isa = PBXFileReference; explicitFileType = wrapper.cfbundle; includeInIndex = 0; path = DesuTests.xctest; sourceTree = BUILT_PRODUCTS_DIR; };
		EB9FF49C19C4921000EB3548 /* XCTest.framework */ = {isa = PBXFileReference; lastKnownFileType = wrapper.framework; name = XCTest.framework; path = Library/Frameworks/XCTest.framework; sourceTree = DEVELOPER_DIR; };
		EB9FF4A419C4921000EB3548 /* DesuTests-Info.plist */ = {isa = PBXFileReference; lastKnownFileType = text.plist.xml; path = "DesuTests-Info.plist"; sourceTree = "<group>"; };
		EB9FF4A619C4921000EB3548 /* en */ = {isa = PBXFileReference; lastKnownFileType = text.plist.strings; name = en; path = en.lproj/InfoPlist.strings; sourceTree = "<group>"; };
		EB9FF4A819C4921000EB3548 /* DesuTests.m */ = {isa = PBXFileReference; lastKnownFileType = sourcecode.c.objc; path = DesuTests.m; sourceTree = "<group>"; };
		EB9FF4B219C492B300EB3548 /* Modulater.h */ = {isa = PBXFileReference; fileEncoding = 4; lastKnownFileType = sourcecode.c.h; path = Modulater.h; sourceTree = "<group>"; };
		EB9FF4B319C492B300EB3548 /* Modulater.m */ = {isa = PBXFileReference; fileEncoding = 4; lastKnownFileType = sourcecode.c.objc; path = Modulater.m; sourceTree = "<group>"; };
		EB9FF4B519C4A2B400EB3548 /* Demodulater.h */ = {isa = PBXFileReference; fileEncoding = 4; lastKnownFileType = sourcecode.c.h; path = Demodulater.h; sourceTree = "<group>"; };
		EB9FF4B619C4A2B400EB3548 /* Demodulater.m */ = {isa = PBXFileReference; fileEncoding = 4; lastKnownFileType = sourcecode.c.objc; path = Demodulater.m; sourceTree = "<group>"; };
		EB9FF4B819C4A57F00EB3548 /* Common.h */ = {isa = PBXFileReference; lastKnownFileType = sourcecode.c.h; path = Common.h; sourceTree = "<group>"; };
/* End PBXFileReference section */

/* Begin PBXFrameworksBuildPhase section */
		EB9FF47D19C4921000EB3548 /* Frameworks */ = {
			isa = PBXFrameworksBuildPhase;
			buildActionMask = 2147483647;
			files = (
				EB9FF48619C4921000EB3548 /* CoreGraphics.framework in Frameworks */,
				EB9FF48819C4921000EB3548 /* UIKit.framework in Frameworks */,
				EB9FF48419C4921000EB3548 /* Foundation.framework in Frameworks */,
			);
			runOnlyForDeploymentPostprocessing = 0;
		};
		EB9FF49819C4921000EB3548 /* Frameworks */ = {
			isa = PBXFrameworksBuildPhase;
			buildActionMask = 2147483647;
			files = (
				EB9FF49D19C4921000EB3548 /* XCTest.framework in Frameworks */,
				EB9FF49F19C4921000EB3548 /* UIKit.framework in Frameworks */,
				EB9FF49E19C4921000EB3548 /* Foundation.framework in Frameworks */,
			);
			runOnlyForDeploymentPostprocessing = 0;
		};
/* End PBXFrameworksBuildPhase section */

/* Begin PBXGroup section */
		EB9FF47719C4921000EB3548 = {
			isa = PBXGroup;
			children = (
				EB9FF48919C4921000EB3548 /* Desu */,
				EB9FF4A219C4921000EB3548 /* DesuTests */,
				EB9FF48219C4921000EB3548 /* Frameworks */,
				EB9FF48119C4921000EB3548 /* Products */,
			);
			sourceTree = "<group>";
		};
		EB9FF48119C4921000EB3548 /* Products */ = {
			isa = PBXGroup;
			children = (
				EB9FF48019C4921000EB3548 /* Desu.app */,
				EB9FF49B19C4921000EB3548 /* DesuTests.xctest */,
			);
			name = Products;
			sourceTree = "<group>";
		};
		EB9FF48219C4921000EB3548 /* Frameworks */ = {
			isa = PBXGroup;
			children = (
				EB9FF48319C4921000EB3548 /* Foundation.framework */,
				EB9FF48519C4921000EB3548 /* CoreGraphics.framework */,
				EB9FF48719C4921000EB3548 /* UIKit.framework */,
				EB9FF49C19C4921000EB3548 /* XCTest.framework */,
			);
			name = Frameworks;
			sourceTree = "<group>";
		};
		EB9FF48919C4921000EB3548 /* Desu */ = {
			isa = PBXGroup;
			children = (
				EB9FF49219C4921000EB3548 /* AppDelegate.h */,
				EB9FF49319C4921000EB3548 /* AppDelegate.m */,
				EB9FF49519C4921000EB3548 /* Images.xcassets */,
				EB9FF48A19C4921000EB3548 /* Supporting Files */,
				EB9FF4B219C492B300EB3548 /* Modulater.h */,
				EB9FF4B319C492B300EB3548 /* Modulater.m */,
				EB9FF4B519C4A2B400EB3548 /* Demodulater.h */,
				EB9FF4B619C4A2B400EB3548 /* Demodulater.m */,
				EB9FF4B819C4A57F00EB3548 /* Common.h */,
			);
			path = Desu;
			sourceTree = "<group>";
		};
		EB9FF48A19C4921000EB3548 /* Supporting Files */ = {
			isa = PBXGroup;
			children = (
				EB9FF48B19C4921000EB3548 /* Desu-Info.plist */,
				EB9FF48C19C4921000EB3548 /* InfoPlist.strings */,
				EB9FF48F19C4921000EB3548 /* main.m */,
				EB9FF49119C4921000EB3548 /* Desu-Prefix.pch */,
			);
			name = "Supporting Files";
			sourceTree = "<group>";
		};
		EB9FF4A219C4921000EB3548 /* DesuTests */ = {
			isa = PBXGroup;
			children = (
				EB9FF4A819C4921000EB3548 /* DesuTests.m */,
				EB9FF4A319C4921000EB3548 /* Supporting Files */,
			);
			path = DesuTests;
			sourceTree = "<group>";
		};
		EB9FF4A319C4921000EB3548 /* Supporting Files */ = {
			isa = PBXGroup;
			children = (
				EB9FF4A419C4921000EB3548 /* DesuTests-Info.plist */,
				EB9FF4A519C4921000EB3548 /* InfoPlist.strings */,
			);
			name = "Supporting Files";
			sourceTree = "<group>";
		};
/* End PBXGroup section */

/* Begin PBXNativeTarget section */
		EB9FF47F19C4921000EB3548 /* Desu */ = {
			isa = PBXNativeTarget;
			buildConfigurationList = EB9FF4AC19C4921000EB3548 /* Build configuration list for PBXNativeTarget "Desu" */;
			buildPhases = (
				EB9FF47C19C4921000EB3548 /* Sources */,
				EB9FF47D19C4921000EB3548 /* Frameworks */,
				EB9FF47E19C4921000EB3548 /* Resources */,
			);
			buildRules = (
			);
			dependencies = (
			);
			name = Desu;
			productName = Desu;
			productReference = EB9FF48019C4921000EB3548 /* Desu.app */;
			productType = "com.apple.product-type.application";
		};
		EB9FF49A19C4921000EB3548 /* DesuTests */ = {
			isa = PBXNativeTarget;
			buildConfigurationList = EB9FF4AF19C4921000EB3548 /* Build configuration list for PBXNativeTarget "DesuTests" */;
			buildPhases = (
				EB9FF49719C4921000EB3548 /* Sources */,
				EB9FF49819C4921000EB3548 /* Frameworks */,
				EB9FF49919C4921000EB3548 /* Resources */,
			);
			buildRules = (
			);
			dependencies = (
				EB9FF4A119C4921000EB3548 /* PBXTargetDependency */,
			);
			name = DesuTests;
			productName = DesuTests;
			productReference = EB9FF49B19C4921000EB3548 /* DesuTests.xctest */;
			productType = "com.apple.product-type.bundle.unit-test";
		};
/* End PBXNativeTarget section */

/* Begin PBXProject section */
		EB9FF47819C4921000EB3548 /* Project object */ = {
			isa = PBXProject;
			attributes = {
				LastUpgradeCheck = 0510;
				ORGANIZATIONNAME = bwasti;
				TargetAttributes = {
					EB9FF49A19C4921000EB3548 = {
						TestTargetID = EB9FF47F19C4921000EB3548;
					};
				};
			};
			buildConfigurationList = EB9FF47B19C4921000EB3548 /* Build configuration list for PBXProject "Desu" */;
			compatibilityVersion = "Xcode 3.2";
			developmentRegion = English;
			hasScannedForEncodings = 0;
			knownRegions = (
				en,
			);
			mainGroup = EB9FF47719C4921000EB3548;
			productRefGroup = EB9FF48119C4921000EB3548 /* Products */;
			projectDirPath = "";
			projectRoot = "";
			targets = (
				EB9FF47F19C4921000EB3548 /* Desu */,
				EB9FF49A19C4921000EB3548 /* DesuTests */,
			);
		};
/* End PBXProject section */

/* Begin PBXResourcesBuildPhase section */
		EB9FF47E19C4921000EB3548 /* Resources */ = {
			isa = PBXResourcesBuildPhase;
			buildActionMask = 2147483647;
			files = (
				EB9FF48E19C4921000EB3548 /* InfoPlist.strings in Resources */,
				EB9FF49619C4921000EB3548 /* Images.xcassets in Resources */,
			);
			runOnlyForDeploymentPostprocessing = 0;
		};
		EB9FF49919C4921000EB3548 /* Resources */ = {
			isa = PBXResourcesBuildPhase;
			buildActionMask = 2147483647;
			files = (
				EB9FF4A719C4921000EB3548 /* InfoPlist.strings in Resources */,
			);
			runOnlyForDeploymentPostprocessing = 0;
		};
/* End PBXResourcesBuildPhase section */

/* Begin PBXSourcesBuildPhase section */
		EB9FF47C19C4921000EB3548 /* Sources */ = {
			isa = PBXSourcesBuildPhase;
			buildActionMask = 2147483647;
			files = (
				EB9FF49419C4921000EB3548 /* AppDelegate.m in Sources */,
				EB9FF4B419C492B300EB3548 /* Modulater.m in Sources */,
				EB9FF4B719C4A2B400EB3548 /* Demodulater.m in Sources */,
				EB9FF49019C4921000EB3548 /* main.m in Sources */,
			);
			runOnlyForDeploymentPostprocessing = 0;
		};
		EB9FF49719C4921000EB3548 /* Sources */ = {
			isa = PBXSourcesBuildPhase;
			buildActionMask = 2147483647;
			files = (
				EB9FF4A919C4921000EB3548 /* DesuTests.m in Sources */,
			);
			runOnlyForDeploymentPostprocessing = 0;
		};
/* End PBXSourcesBuildPhase section */

/* Begin PBXTargetDependency section */
		EB9FF4A119C4921000EB3548 /* PBXTargetDependency */ = {
			isa = PBXTargetDependency;
			target = EB9FF47F19C4921000EB3548 /* Desu */;
			targetProxy = EB9FF4A019C4921000EB3548 /* PBXContainerItemProxy */;
		};
/* End PBXTargetDependency section */

/* Begin PBXVariantGroup section */
		EB9FF48C19C4921000EB3548 /* InfoPlist.strings */ = {
			isa = PBXVariantGroup;
			children = (
				EB9FF48D19C4921000EB3548 /* en */,
			);
			name = InfoPlist.strings;
			sourceTree = "<group>";
		};
		EB9FF4A519C4921000EB3548 /* InfoPlist.strings */ = {
			isa = PBXVariantGroup;
			children = (
				EB9FF4A619C4921000EB3548 /* en */,
			);
			name = InfoPlist.strings;
			sourceTree = "<group>";
		};
/* End PBXVariantGroup section */

/* Begin XCBuildConfiguration section */
		EB9FF4AA19C4921000EB3548 /* Debug */ = {
			isa = XCBuildConfiguration;
			buildSettings = {
				ALWAYS_SEARCH_USER_PATHS = NO;
				CLANG_CXX_LANGUAGE_STANDARD = "gnu++0x";
				CLANG_CXX_LIBRARY = "libc++";
				CLANG_ENABLE_MODULES = YES;
				CLANG_ENABLE_OBJC_ARC = YES;
				CLANG_WARN_BOOL_CONVERSION = YES;
				CLANG_WARN_CONSTANT_CONVERSION = YES;
				CLANG_WARN_DIRECT_OBJC_ISA_USAGE = YES_ERROR;
				CLANG_WARN_EMPTY_BODY = YES;
				CLANG_WARN_ENUM_CONVERSION = YES;
				CLANG_WARN_INT_CONVERSION = YES;
				CLANG_WARN_OBJC_ROOT_CLASS = YES_ERROR;
				CLANG_WARN__DUPLICATE_METHOD_MATCH = YES;
				"CODE_SIGN_IDENTITY[sdk=iphoneos*]" = "iPhone Developer";
				COPY_PHASE_STRIP = NO;
				GCC_C_LANGUAGE_STANDARD = gnu99;
				GCC_DYNAMIC_NO_PIC = NO;
				GCC_OPTIMIZATION_LEVEL = 0;
				GCC_PREPROCESSOR_DEFINITIONS = (
					"DEBUG=1",
					"$(inherited)",
				);
				GCC_SYMBOLS_PRIVATE_EXTERN = NO;
				GCC_WARN_64_TO_32_BIT_CONVERSION = YES;
				GCC_WARN_ABOUT_RETURN_TYPE = YES_ERROR;
				GCC_WARN_UNDECLARED_SELECTOR = YES;
				GCC_WARN_UNINITIALIZED_AUTOS = YES_AGGRESSIVE;
				GCC_WARN_UNUSED_FUNCTION = YES;
				GCC_WARN_UNUSED_VARIABLE = YES;
				IPHONEOS_DEPLOYMENT_TARGET = 7.1;
				ONLY_ACTIVE_ARCH = YES;
				SDKROOT = iphoneos;
			};
			name = Debug;
		};
		EB9FF4AB19C4921000EB3548 /* Release */ = {
			isa = XCBuildConfiguration;
			buildSettings = {
				ALWAYS_SEARCH_USER_PATHS = NO;
				CLANG_CXX_LANGUAGE_STANDARD = "gnu++0x";
				CLANG_CXX_LIBRARY = "libc++";
				CLANG_ENABLE_MODULES = YES;
				CLANG_ENABLE_OBJC_ARC = YES;
				CLANG_WARN_BOOL_CONVERSION = YES;
				CLANG_WARN_CONSTANT_CONVERSION = YES;
				CLANG_WARN_DIRECT_OBJC_ISA_USAGE = YES_ERROR;
				CLANG_WARN_EMPTY_BODY = YES;
				CLANG_WARN_ENUM_CONVERSION = YES;
				CLANG_WARN_INT_CONVERSION = YES;
				CLANG_WARN_OBJC_ROOT_CLASS = YES_ERROR;
				CLANG_WARN__DUPLICATE_METHOD_MATCH = YES;
				"CODE_SIGN_IDENTITY[sdk=iphoneos*]" = "iPhone Developer";
				COPY_PHASE_STRIP = YES;
				ENABLE_NS_ASSERTIONS = NO;
				GCC_C_LANGUAGE_STANDARD = gnu99;
				GCC_WARN_64_TO_32_BIT_CONVERSION = YES;
				GCC_WARN_ABOUT_RETURN_TYPE = YES_ERROR;
				GCC_WARN_UNDECLARED_SELECTOR = YES;
				GCC_WARN_UNINITIALIZED_AUTOS = YES_AGGRESSIVE;
				GCC_WARN_UNUSED_FUNCTION = YES;
				GCC_WARN_UNUSED_VARIABLE = YES;
				IPHONEOS_DEPLOYMENT_TARGET = 7.1;
				SDKROOT = iphoneos;
				VALIDATE_PRODUCT = YES;
			};
			name = Release;
		};
		EB9FF4AD19C4921000EB3548 /* Debug */ = {
			isa = XCBuildConfiguration;
			buildSettings = {
				ASSETCATALOG_COMPILER_APPICON_NAME = AppIcon;
				ASSETCATALOG_COMPILER_LAUNCHIMAGE_NAME = LaunchImage;
				GCC_PRECOMPILE_PREFIX_HEADER = YES;
				GCC_PREFIX_HEADER = "Desu/Desu-Prefix.pch";
				INFOPLIST_FILE = "Desu/Desu-Info.plist";
				PRODUCT_NAME = "$(TARGET_NAME)";
				WRAPPER_EXTENSION = app;
			};
			name = Debug;
		};
		EB9FF4AE19C4921000EB3548 /* Release */ = {
			isa = XCBuildConfiguration;
			buildSettings = {
				ASSETCATALOG_COMPILER_APPICON_NAME = AppIcon;
				ASSETCATALOG_COMPILER_LAUNCHIMAGE_NAME = LaunchImage;
				GCC_PRECOMPILE_PREFIX_HEADER = YES;
				GCC_PREFIX_HEADER = "Desu/Desu-Prefix.pch";
				INFOPLIST_FILE = "Desu/Desu-Info.plist";
				PRODUCT_NAME = "$(TARGET_NAME)";
				WRAPPER_EXTENSION = app;
			};
			name = Release;
		};
		EB9FF4B019C4921000EB3548 /* Debug */ = {
			isa = XCBuildConfiguration;
			buildSettings = {
				BUNDLE_LOADER = "$(BUILT_PRODUCTS_DIR)/Desu.app/Desu";
				FRAMEWORK_SEARCH_PATHS = (
					"$(SDKROOT)/Developer/Library/Frameworks",
					"$(inherited)",
					"$(DEVELOPER_FRAMEWORKS_DIR)",
				);
				GCC_PRECOMPILE_PREFIX_HEADER = YES;
				GCC_PREFIX_HEADER = "Desu/Desu-Prefix.pch";
				GCC_PREPROCESSOR_DEFINITIONS = (
					"DEBUG=1",
					"$(inherited)",
				);
				INFOPLIST_FILE = "DesuTests/DesuTests-Info.plist";
				PRODUCT_NAME = "$(TARGET_NAME)";
				TEST_HOST = "$(BUNDLE_LOADER)";
				WRAPPER_EXTENSION = xctest;
			};
			name = Debug;
		};
		EB9FF4B119C4921000EB3548 /* Release */ = {
			isa = XCBuildConfiguration;
			buildSettings = {
				BUNDLE_LOADER = "$(BUILT_PRODUCTS_DIR)/Desu.app/Desu";
				FRAMEWORK_SEARCH_PATHS = (
					"$(SDKROOT)/Developer/Library/Frameworks",
					"$(inherited)",
					"$(DEVELOPER_FRAMEWORKS_DIR)",
				);
				GCC_PRECOMPILE_PREFIX_HEADER = YES;
				GCC_PREFIX_HEADER = "Desu/Desu-Prefix.pch";
				INFOPLIST_FILE = "DesuTests/DesuTests-Info.plist";
				PRODUCT_NAME = "$(TARGET_NAME)";
				TEST_HOST = "$(BUNDLE_LOADER)";
				WRAPPER_EXTENSION = xctest;
			};
			name = Release;
		};
/* End XCBuildConfiguration section */

/* Begin XCConfigurationList section */
		EB9FF47B19C4921000EB3548 /* Build configuration list for PBXProject "Desu" */ = {
			isa = XCConfigurationList;
			buildConfigurations = (
				EB9FF4AA19C4921000EB3548 /* Debug */,
				EB9FF4AB19C4921000EB3548 /* Release */,
			);
			defaultConfigurationIsVisible = 0;
			defaultConfigurationName = Release;
		};
		EB9FF4AC19C4921000EB3548 /* Build configuration list for PBXNativeTarget "Desu" */ = {
			isa = XCConfigurationList;
			buildConfigurations = (
				EB9FF4AD19C4921000EB3548 /* Debug */,
				EB9FF4AE19C4921000EB3548 /* Release */,
			);
			defaultConfigurationIsVisible = 0;
			defaultConfigurationName = Release;
		};
		EB9FF4AF19C4921000EB3548 /* Build configuration list for PBXNativeTarget "DesuTests" */ = {
			isa = XCConfigurationList;
			buildConfigurations = (
				EB9FF4B019C4921000EB3548 /* Debug */,
				EB9FF4B119C4921000EB3548 /* Release */,
			);
			defaultConfigurationIsVisible = 0;
			defaultConfigurationName = Release;
		};
/* End XCConfigurationList section */
	};
	rootObject = EB9FF47819C4921000EB3548 /* Project object */;
}
